// !$*UTF8*$!
{
	archiveVersion = 1;
	classes = {
	};
	objectVersion = 55;
	objects = {

/* Begin PBXBuildFile section */
		0C0FB2492904A75F00E29F65 /* DrumKit-extension.swift in Sources */ = {isa = PBXBuildFile; fileRef = 0C0FB2482904A75F00E29F65 /* DrumKit-extension.swift */; };
		0C5513E729040F6F00CEF974 /* FavoriteDrumKitApp.swift in Sources */ = {isa = PBXBuildFile; fileRef = 0C5513E629040F6F00CEF974 /* FavoriteDrumKitApp.swift */; };
		0C5513E929040F6F00CEF974 /* ContentView.swift in Sources */ = {isa = PBXBuildFile; fileRef = 0C5513E829040F6F00CEF974 /* ContentView.swift */; };
		0C5513EB29040F7000CEF974 /* Assets.xcassets in Resources */ = {isa = PBXBuildFile; fileRef = 0C5513EA29040F7000CEF974 /* Assets.xcassets */; };
		0C5513EE29040F7000CEF974 /* Preview Assets.xcassets in Resources */ = {isa = PBXBuildFile; fileRef = 0C5513ED29040F7000CEF974 /* Preview Assets.xcassets */; };
		0C5513F629040FFB00CEF974 /* DrumKit.xcdatamodeld in Sources */ = {isa = PBXBuildFile; fileRef = 0C5513F429040FFB00CEF974 /* DrumKit.xcdatamodeld */; };
		0C5513F82904107200CEF974 /* DataController.swift in Sources */ = {isa = PBXBuildFile; fileRef = 0C5513F72904107200CEF974 /* DataController.swift */; };
/* End PBXBuildFile section */

/* Begin PBXFileReference section */
		0C0FB2482904A75F00E29F65 /* DrumKit-extension.swift */ = {isa = PBXFileReference; lastKnownFileType = sourcecode.swift; path = "DrumKit-extension.swift"; sourceTree = "<group>"; };
		0C5513E329040F6F00CEF974 /* FavoriteDrumKit.app */ = {isa = PBXFileReference; explicitFileType = wrapper.application; includeInIndex = 0; path = FavoriteDrumKit.app; sourceTree = BUILT_PRODUCTS_DIR; };
		0C5513E629040F6F00CEF974 /* FavoriteDrumKitApp.swift */ = {isa = PBXFileReference; lastKnownFileType = sourcecode.swift; path = FavoriteDrumKitApp.swift; sourceTree = "<group>"; };
		0C5513E829040F6F00CEF974 /* ContentView.swift */ = {isa = PBXFileReference; lastKnownFileType = sourcecode.swift; path = ContentView.swift; sourceTree = "<group>"; };
		0C5513EA29040F7000CEF974 /* Assets.xcassets */ = {isa = PBXFileReference; lastKnownFileType = folder.assetcatalog; path = Assets.xcassets; sourceTree = "<group>"; };
		0C5513ED29040F7000CEF974 /* Preview Assets.xcassets */ = {isa = PBXFileReference; lastKnownFileType = folder.assetcatalog; path = "Preview Assets.xcassets"; sourceTree = "<group>"; };
		0C5513F529040FFB00CEF974 /* DrumKit.xcdatamodel */ = {isa = PBXFileReference; lastKnownFileType = wrapper.xcdatamodel; path = DrumKit.xcdatamodel; sourceTree = "<group>"; };
		0C5513F72904107200CEF974 /* DataController.swift */ = {isa = PBXFileReference; lastKnownFileType = sourcecode.swift; path = DataController.swift; sourceTree = "<group>"; };
/* End PBXFileReference section */

/* Begin PBXFrameworksBuildPhase section */
		0C5513E029040F6F00CEF974 /* Frameworks */ = {
			isa = PBXFrameworksBuildPhase;
			buildActionMask = 2147483647;
			files = (
			);
			runOnlyForDeploymentPostprocessing = 0;
		};
/* End PBXFrameworksBuildPhase section */

/* Begin PBXGroup section */
		0C5513DA29040F6F00CEF974 = {
			isa = PBXGroup;
			children = (
				0C5513E529040F6F00CEF974 /* FavoriteDrumKit */,
				0C5513E429040F6F00CEF974 /* Products */,
			);
			sourceTree = "<group>";
		};
		0C5513E429040F6F00CEF974 /* Products */ = {
			isa = PBXGroup;
			children = (
				0C5513E329040F6F00CEF974 /* FavoriteDrumKit.app */,
			);
			name = Products;
			sourceTree = "<group>";
		};
		0C5513E529040F6F00CEF974 /* FavoriteDrumKit */ = {
			isa = PBXGroup;
			children = (
				0C5513E629040F6F00CEF974 /* FavoriteDrumKitApp.swift */,
				0C5513E829040F6F00CEF974 /* ContentView.swift */,
				0C0FB2482904A75F00E29F65 /* DrumKit-extension.swift */,
				0C5513F72904107200CEF974 /* DataController.swift */,
				0C5513F429040FFB00CEF974 /* DrumKit.xcdatamodeld */,
				0C5513EA29040F7000CEF974 /* Assets.xcassets */,
				0C5513EC29040F7000CEF974 /* Preview Content */,
			);
			path = FavoriteDrumKit;
			sourceTree = "<group>";
		};
		0C5513EC29040F7000CEF974 /* Preview Content */ = {
			isa = PBXGroup;
			children = (
				0C5513ED29040F7000CEF974 /* Preview Assets.xcassets */,
			);
			path = "Preview Content";
			sourceTree = "<group>";
		};
/* End PBXGroup section */

/* Begin PBXNativeTarget section */
		0C5513E229040F6F00CEF974 /* FavoriteDrumKit */ = {
			isa = PBXNativeTarget;
			buildConfigurationList = 0C5513F129040F7000CEF974 /* Build configuration list for PBXNativeTarget "FavoriteDrumKit" */;
			buildPhases = (
				0C5513DF29040F6F00CEF974 /* Sources */,
				0C5513E029040F6F00CEF974 /* Frameworks */,
				0C5513E129040F6F00CEF974 /* Resources */,
			);
			buildRules = (
			);
			dependencies = (
			);
			name = FavoriteDrumKit;
			productName = FavoriteDrumKit;
			productReference = 0C5513E329040F6F00CEF974 /* FavoriteDrumKit.app */;
			productType = "com.apple.product-type.application";
		};
/* End PBXNativeTarget section */

/* Begin PBXProject section */
		0C5513DB29040F6F00CEF974 /* Project object */ = {
			isa = PBXProject;
			attributes = {
				BuildIndependentTargetsInParallel = 1;
				LastSwiftUpdateCheck = 1340;
				LastUpgradeCheck = 1340;
				TargetAttributes = {
					0C5513E229040F6F00CEF974 = {
						CreatedOnToolsVersion = 13.4.1;
					};
				};
			};
			buildConfigurationList = 0C5513DE29040F6F00CEF974 /* Build configuration list for PBXProject "FavoriteDrumKit" */;
			compatibilityVersion = "Xcode 13.0";
			developmentRegion = en;
			hasScannedForEncodings = 0;
			knownRegions = (
				en,
				Base,
			);
			mainGroup = 0C5513DA29040F6F00CEF974;
			productRefGroup = 0C5513E429040F6F00CEF974 /* Products */;
			projectDirPath = "";
			projectRoot = "";
			targets = (
				0C5513E229040F6F00CEF974 /* FavoriteDrumKit */,
			);
		};
/* End PBXProject section */

/* Begin PBXResourcesBuildPhase section */
		0C5513E129040F6F00CEF974 /* Resources */ = {
			isa = PBXResourcesBuildPhase;
			buildActionMask = 2147483647;
			files = (
				0C5513EE29040F7000CEF974 /* Preview Assets.xcassets in Resources */,
				0C5513EB29040F7000CEF974 /* Assets.xcassets in Resources */,
			);
			runOnlyForDeploymentPostprocessing = 0;
		};
/* End PBXResourcesBuildPhase section */

/* Begin PBXSourcesBuildPhase section */
		0C5513DF29040F6F00CEF974 /* Sources */ = {
			isa = PBXSourcesBuildPhase;
			buildActionMask = 2147483647;
			files = (
				0C5513F629040FFB00CEF974 /* DrumKit.xcdatamodeld in Sources */,
				0C5513F82904107200CEF974 /* DataController.swift in Sources */,
				0C5513E929040F6F00CEF974 /* ContentView.swift in Sources */,
				0C5513E729040F6F00CEF974 /* FavoriteDrumKitApp.swift in Sources */,
				0C0FB2492904A75F00E29F65 /* DrumKit-extension.swift in Sources */,
			);
			runOnlyForDeploymentPostprocessing = 0;
		};
/* End PBXSourcesBuildPhase section */

/* Begin XCBuildConfiguration section */
		0C5513EF29040F7000CEF974 /* Debug */ = {
			isa = XCBuildConfiguration;
			buildSettings = {
				ALWAYS_SEARCH_USER_PATHS = NO;
				CLANG_ANALYZER_NONNULL = YES;
				CLANG_ANALYZER_NUMBER_OBJECT_CONVERSION = YES_AGGRESSIVE;
				CLANG_CXX_LANGUAGE_STANDARD = "gnu++17";
				CLANG_ENABLE_MODULES = YES;
				CLANG_ENABLE_OBJC_ARC = YES;
				CLANG_ENABLE_OBJC_WEAK = YES;
				CLANG_WARN_BLOCK_CAPTURE_AUTORELEASING = YES;
				CLANG_WARN_BOOL_CONVERSION = YES;
				CLANG_WARN_COMMA = YES;
				CLANG_WARN_CONSTANT_CONVERSION = YES;
				CLANG_WARN_DEPRECATED_OBJC_IMPLEMENTATIONS = YES;
				CLANG_WARN_DIRECT_OBJC_ISA_USAGE = YES_ERROR;
				CLANG_WARN_DOCUMENTATION_COMMENTS = YES;
				CLANG_WARN_EMPTY_BODY = YES;
				CLANG_WARN_ENUM_CONVERSION = YES;
				CLANG_WARN_INFINITE_RECURSION = YES;
				CLANG_WARN_INT_CONVERSION = YES;
				CLANG_WARN_NON_LITERAL_NULL_CONVERSION = YES;
				CLANG_WARN_OBJC_IMPLICIT_RETAIN_SELF = YES;
				CLANG_WARN_OBJC_LITERAL_CONVERSION = YES;
				CLANG_WARN_OBJC_ROOT_CLASS = YES_ERROR;
				CLANG_WARN_QUOTED_INCLUDE_IN_FRAMEWORK_HEADER = YES;
				CLANG_WARN_RANGE_LOOP_ANALYSIS = YES;
				CLANG_WARN_STRICT_PROTOTYPES = YES;
				CLANG_WARN_SUSPICIOUS_MOVE = YES;
				CLANG_WARN_UNGUARDED_AVAILABILITY = YES_AGGRESSIVE;
				CLANG_WARN_UNREACHABLE_CODE = YES;
				CLANG_WARN__DUPLICATE_METHOD_MATCH = YES;
				COPY_PHASE_STRIP = NO;
				DEBUG_INFORMATION_FORMAT = dwarf;
				ENABLE_STRICT_OBJC_MSGSEND = YES;
				ENABLE_TESTABILITY = YES;
				GCC_C_LANGUAGE_STANDARD = gnu11;
				GCC_DYNAMIC_NO_PIC = NO;
				GCC_NO_COMMON_BLOCKS = YES;
				GCC_OPTIMIZATION_LEVEL = 0;
				GCC_PREPROCESSOR_DEFINITIONS = (
					"DEBUG=1",
					"$(inherited)",
				);
				GCC_WARN_64_TO_32_BIT_CONVERSION = YES;
				GCC_WARN_ABOUT_RETURN_TYPE = YES_ERROR;
				GCC_WARN_UNDECLARED_SELECTOR = YES;
				GCC_WARN_UNINITIALIZED_AUTOS = YES_AGGRESSIVE;
				GCC_WARN_UNUSED_FUNCTION = YES;
				GCC_WARN_UNUSED_VARIABLE = YES;
				IPHONEOS_DEPLOYMENT_TARGET = 15.5;
				MTL_ENABLE_DEBUG_INFO = INCLUDE_SOURCE;
				MTL_FAST_MATH = YES;
				ONLY_ACTIVE_ARCH = YES;
				SDKROOT = iphoneos;
				SWIFT_ACTIVE_COMPILATION_CONDITIONS = DEBUG;
				SWIFT_OPTIMIZATION_LEVEL = "-Onone";
			};
			name = Debug;
		};
		0C5513F029040F7000CEF974 /* Release */ = {
			isa = XCBuildConfiguration;
			buildSettings = {
				ALWAYS_SEARCH_USER_PATHS = NO;
				CLANG_ANALYZER_NONNULL = YES;
				CLANG_ANALYZER_NUMBER_OBJECT_CONVERSION = YES_AGGRESSIVE;
				CLANG_CXX_LANGUAGE_STANDARD = "gnu++17";
				CLANG_ENABLE_MODULES = YES;
				CLANG_ENABLE_OBJC_ARC = YES;
				CLANG_ENABLE_OBJC_WEAK = YES;
				CLANG_WARN_BLOCK_CAPTURE_AUTORELEASING = YES;
				CLANG_WARN_BOOL_CONVERSION = YES;
				CLANG_WARN_COMMA = YES;
				CLANG_WARN_CONSTANT_CONVERSION = YES;
				CLANG_WARN_DEPRECATED_OBJC_IMPLEMENTATIONS = YES;
				CLANG_WARN_DIRECT_OBJC_ISA_USAGE = YES_ERROR;
				CLANG_WARN_DOCUMENTATION_COMMENTS = YES;
				CLANG_WARN_EMPTY_BODY = YES;
				CLANG_WARN_ENUM_CONVERSION = YES;
				CLANG_WARN_INFINITE_RECURSION = YES;
				CLANG_WARN_INT_CONVERSION = YES;
				CLANG_WARN_NON_LITERAL_NULL_CONVERSION = YES;
				CLANG_WARN_OBJC_IMPLICIT_RETAIN_SELF = YES;
				CLANG_WARN_OBJC_LITERAL_CONVERSION = YES;
				CLANG_WARN_OBJC_ROOT_CLASS = YES_ERROR;
				CLANG_WARN_QUOTED_INCLUDE_IN_FRAMEWORK_HEADER = YES;
				CLANG_WARN_RANGE_LOOP_ANALYSIS = YES;
				CLANG_WARN_STRICT_PROTOTYPES = YES;
				CLANG_WARN_SUSPICIOUS_MOVE = YES;
				CLANG_WARN_UNGUARDED_AVAILABILITY = YES_AGGRESSIVE;
				CLANG_WARN_UNREACHABLE_CODE = YES;
				CLANG_WARN__DUPLICATE_METHOD_MATCH = YES;
				COPY_PHASE_STRIP = NO;
				DEBUG_INFORMATION_FORMAT = "dwarf-with-dsym";
				ENABLE_NS_ASSERTIONS = NO;
				ENABLE_STRICT_OBJC_MSGSEND = YES;
				GCC_C_LANGUAGE_STANDARD = gnu11;
				GCC_NO_COMMON_BLOCKS = YES;
				GCC_WARN_64_TO_32_BIT_CONVERSION = YES;
				GCC_WARN_ABOUT_RETURN_TYPE = YES_ERROR;
				GCC_WARN_UNDECLARED_SELECTOR = YES;
				GCC_WARN_UNINITIALIZED_AUTOS = YES_AGGRESSIVE;
				GCC_WARN_UNUSED_FUNCTION = YES;
				GCC_WARN_UNUSED_VARIABLE = YES;
				IPHONEOS_DEPLOYMENT_TARGET = 15.5;
				MTL_ENABLE_DEBUG_INFO = NO;
				MTL_FAST_MATH = YES;
				SDKROOT = iphoneos;
				SWIFT_COMPILATION_MODE = wholemodule;
				SWIFT_OPTIMIZATION_LEVEL = "-O";
				VALIDATE_PRODUCT = YES;
			};
			name = Release;
		};
		0C5513F229040F7000CEF974 /* Debug */ = {
			isa = XCBuildConfiguration;
			buildSettings = {
				ASSETCATALOG_COMPILER_APPICON_NAME = AppIcon;
				ASSETCATALOG_COMPILER_GLOBAL_ACCENT_COLOR_NAME = AccentColor;
				CODE_SIGN_STYLE = Automatic;
				CURRENT_PROJECT_VERSION = 1;
				DEVELOPMENT_ASSET_PATHS = "\"FavoriteDrumKit/Preview Content\"";
				ENABLE_PREVIEWS = YES;
				GENERATE_INFOPLIST_FILE = YES;
				INFOPLIST_KEY_UIApplicationSceneManifest_Generation = YES;
				INFOPLIST_KEY_UIApplicationSupportsIndirectInputEvents = YES;
				INFOPLIST_KEY_UILaunchScreen_Generation = YES;
				INFOPLIST_KEY_UISupportedInterfaceOrientations_iPad = "UIInterfaceOrientationPortrait UIInterfaceOrientationPortraitUpsideDown UIInterfaceOrientationLandscapeLeft UIInterfaceOrientationLandscapeRight";
				INFOPLIST_KEY_UISupportedInterfaceOrientations_iPhone = "UIInterfaceOrientationPortrait UIInterfaceOrientationLandscapeLeft UIInterfaceOrientationLandscapeRight";
				LD_RUNPATH_SEARCH_PATHS = (
					"$(inherited)",
					"@executable_path/Frameworks",
				);
				MARKETING_VERSION = 1.0;
				PRODUCT_BUNDLE_IDENTIFIER = com.fre.FavoriteDrumKit;
				PRODUCT_NAME = "$(TARGET_NAME)";
				SWIFT_EMIT_LOC_STRINGS = YES;
				SWIFT_VERSION = 5.0;
				TARGETED_DEVICE_FAMILY = "1,2";
			};
			name = Debug;
		};
		0C5513F329040F7000CEF974 /* Release */ = {
			isa = XCBuildConfiguration;
			buildSettings = {
				ASSETCATALOG_COMPILER_APPICON_NAME = AppIcon;
				ASSETCATALOG_COMPILER_GLOBAL_ACCENT_COLOR_NAME = AccentColor;
				CODE_SIGN_STYLE = Automatic;
				CURRENT_PROJECT_VERSION = 1;
				DEVELOPMENT_ASSET_PATHS = "\"FavoriteDrumKit/Preview Content\"";
				ENABLE_PREVIEWS = YES;
				GENERATE_INFOPLIST_FILE = YES;
				INFOPLIST_KEY_UIApplicationSceneManifest_Generation = YES;
				INFOPLIST_KEY_UIApplicationSupportsIndirectInputEvents = YES;
				INFOPLIST_KEY_UILaunchScreen_Generation = YES;
				INFOPLIST_KEY_UISupportedInterfaceOrientations_iPad = "UIInterfaceOrientationPortrait UIInterfaceOrientationPortraitUpsideDown UIInterfaceOrientationLandscapeLeft UIInterfaceOrientationLandscapeRight";
				INFOPLIST_KEY_UISupportedInterfaceOrientations_iPhone = "UIInterfaceOrientationPortrait UIInterfaceOrientationLandscapeLeft UIInterfaceOrientationLandscapeRight";
				LD_RUNPATH_SEARCH_PATHS = (
					"$(inherited)",
					"@executable_path/Frameworks",
				);
				MARKETING_VERSION = 1.0;
				PRODUCT_BUNDLE_IDENTIFIER = com.fre.FavoriteDrumKit;
				PRODUCT_NAME = "$(TARGET_NAME)";
				SWIFT_EMIT_LOC_STRINGS = YES;
				SWIFT_VERSION = 5.0;
				TARGETED_DEVICE_FAMILY = "1,2";
			};
			name = Release;
		};
/* End XCBuildConfiguration section */

/* Begin XCConfigurationList section */
		0C5513DE29040F6F00CEF974 /* Build configuration list for PBXProject "FavoriteDrumKit" */ = {
			isa = XCConfigurationList;
			buildConfigurations = (
				0C5513EF29040F7000CEF974 /* Debug */,
				0C5513F029040F7000CEF974 /* Release */,
			);
			defaultConfigurationIsVisible = 0;
			defaultConfigurationName = Release;
		};
		0C5513F129040F7000CEF974 /* Build configuration list for PBXNativeTarget "FavoriteDrumKit" */ = {
			isa = XCConfigurationList;
			buildConfigurations = (
				0C5513F229040F7000CEF974 /* Debug */,
				0C5513F329040F7000CEF974 /* Release */,
			);
			defaultConfigurationIsVisible = 0;
			defaultConfigurationName = Release;
		};
/* End XCConfigurationList section */

/* Begin XCVersionGroup section */
		0C5513F429040FFB00CEF974 /* DrumKit.xcdatamodeld */ = {
			isa = XCVersionGroup;
			children = (
				0C5513F529040FFB00CEF974 /* DrumKit.xcdatamodel */,
			);
			currentVersion = 0C5513F529040FFB00CEF974 /* DrumKit.xcdatamodel */;
			path = DrumKit.xcdatamodeld;
			sourceTree = "<group>";
			versionGroupType = wrapper.xcdatamodel;
		};
/* End XCVersionGroup section */
	};
	rootObject = 0C5513DB29040F6F00CEF974 /* Project object */;
}
